
Microsoft Visual Studio Solution File, Format Version 12.00
# Visual Studio 15
VisualStudioVersion = 15.0.28307.106
MinimumVisualStudioVersion = 10.0.40219.1
Project("{FAE04EC0-301F-11D3-BF4B-00C04F79EFBC}") = "EasyManage", "EasyManage\EasyManage.csproj", "{BFE38994-17FC-4F9B-BC37-75C3DF499DD3}"
EndProject
Global
	GlobalSection(SolutionConfigurationPlatforms) = preSolution
		Debug|Any CPU = Debug|Any CPU
		Release|Any CPU = Release|Any CPU
	EndGlobalSection
	GlobalSection(ProjectConfigurationPlatforms) = postSolution
		{BFE38994-17FC-4F9B-BC37-75C3DF499DD3}.Debug|Any CPU.ActiveCfg = Debug|Any CPU
		{BFE38994-17FC-4F9B-BC37-75C3DF499DD3}.Debug|Any CPU.Build.0 = Debug|Any CPU
		{BFE38994-17FC-4F9B-BC37-75C3DF499DD3}.Release|Any CPU.ActiveCfg = Release|Any CPU
		{BFE38994-17FC-4F9B-BC37-75C3DF499DD3}.Release|Any CPU.Build.0 = Release|Any CPU
	EndGlobalSection
	GlobalSection(SolutionProperties) = preSolution
		HideSolutionNode = FALSE
	EndGlobalSection
	GlobalSection(ExtensibilityGlobals) = postSolution
		SolutionGuid = {13CF26C8-3768-4A56-B31C-4BDC5832209E}
	EndGlobalSection
EndGlobal
